
Microsoft Visual Studio Solution File, Format Version 12.00
# Visual Studio 15
VisualStudioVersion = 15.0.26124.0
MinimumVisualStudioVersion = 15.0.26124.0
Project("{FAE04EC0-301F-11D3-BF4B-00C04F79EFBC}") = "csvdata", "csvdata\csvdata.csproj", "{753AAFF9-5EE3-4C4A-9127-921CB6CE6675}"
EndProject
Project("{FAE04EC0-301F-11D3-BF4B-00C04F79EFBC}") = "csvdata.tests", "csvdata.tests\csvdata.tests.csproj", "{C58AB91B-A8BA-460A-A823-6CFB4955FDF5}"
EndProject
Global
	GlobalSection(SolutionConfigurationPlatforms) = preSolution
		Debug|Any CPU = Debug|Any CPU
		Debug|x64 = Debug|x64
		Debug|x86 = Debug|x86
		Release|Any CPU = Release|Any CPU
		Release|x64 = Release|x64
		Release|x86 = Release|x86
	EndGlobalSection
	GlobalSection(SolutionProperties) = preSolution
		HideSolutionNode = FALSE
	EndGlobalSection
	GlobalSection(ProjectConfigurationPlatforms) = postSolution
		{753AAFF9-5EE3-4C4A-9127-921CB6CE6675}.Debug|Any CPU.ActiveCfg = Debug|Any CPU
		{753AAFF9-5EE3-4C4A-9127-921CB6CE6675}.Debug|Any CPU.Build.0 = Debug|Any CPU
		{753AAFF9-5EE3-4C4A-9127-921CB6CE6675}.Debug|x64.ActiveCfg = Debug|Any CPU
		{753AAFF9-5EE3-4C4A-9127-921CB6CE6675}.Debug|x64.Build.0 = Debug|Any CPU
		{753AAFF9-5EE3-4C4A-9127-921CB6CE6675}.Debug|x86.ActiveCfg = Debug|Any CPU
		{753AAFF9-5EE3-4C4A-9127-921CB6CE6675}.Debug|x86.Build.0 = Debug|Any CPU
		{753AAFF9-5EE3-4C4A-9127-921CB6CE6675}.Release|Any CPU.ActiveCfg = Release|Any CPU
		{753AAFF9-5EE3-4C4A-9127-921CB6CE6675}.Release|Any CPU.Build.0 = Release|Any CPU
		{753AAFF9-5EE3-4C4A-9127-921CB6CE6675}.Release|x64.ActiveCfg = Release|Any CPU
		{753AAFF9-5EE3-4C4A-9127-921CB6CE6675}.Release|x64.Build.0 = Release|Any CPU
		{753AAFF9-5EE3-4C4A-9127-921CB6CE6675}.Release|x86.ActiveCfg = Release|Any CPU
		{753AAFF9-5EE3-4C4A-9127-921CB6CE6675}.Release|x86.Build.0 = Release|Any CPU
		{C58AB91B-A8BA-460A-A823-6CFB4955FDF5}.Debug|Any CPU.ActiveCfg = Debug|Any CPU
		{C58AB91B-A8BA-460A-A823-6CFB4955FDF5}.Debug|Any CPU.Build.0 = Debug|Any CPU
		{C58AB91B-A8BA-460A-A823-6CFB4955FDF5}.Debug|x64.ActiveCfg = Debug|Any CPU
		{C58AB91B-A8BA-460A-A823-6CFB4955FDF5}.Debug|x64.Build.0 = Debug|Any CPU
		{C58AB91B-A8BA-460A-A823-6CFB4955FDF5}.Debug|x86.ActiveCfg = Debug|Any CPU
		{C58AB91B-A8BA-460A-A823-6CFB4955FDF5}.Debug|x86.Build.0 = Debug|Any CPU
		{C58AB91B-A8BA-460A-A823-6CFB4955FDF5}.Release|Any CPU.ActiveCfg = Release|Any CPU
		{C58AB91B-A8BA-460A-A823-6CFB4955FDF5}.Release|Any CPU.Build.0 = Release|Any CPU
		{C58AB91B-A8BA-460A-A823-6CFB4955FDF5}.Release|x64.ActiveCfg = Release|Any CPU
		{C58AB91B-A8BA-460A-A823-6CFB4955FDF5}.Release|x64.Build.0 = Release|Any CPU
		{C58AB91B-A8BA-460A-A823-6CFB4955FDF5}.Release|x86.ActiveCfg = Release|Any CPU
		{C58AB91B-A8BA-460A-A823-6CFB4955FDF5}.Release|x86.Build.0 = Release|Any CPU
	EndGlobalSection
EndGlobal
